[root]
name = "rsame"
version = "0.0.1"
dependencies = [
 "getopts 0.2.14 (registry+https://github.com/rust-lang/crates.io-index)",
 "regex 0.1.41 (registry+https://github.com/rust-lang/crates.io-index)",
 "regex_macros 0.1.23 (registry+https://github.com/rust-lang/crates.io-index)",
]

[[package]]
name = "aho-corasick"
version = "0.3.4"
source = "registry+https://github.com/rust-lang/crates.io-index"
dependencies = [
 "memchr 0.1.7 (registry+https://github.com/rust-lang/crates.io-index)",
]

[[package]]
name = "getopts"
version = "0.2.14"
source = "registry+https://github.com/rust-lang/crates.io-index"

[[package]]
name = "libc"
version = "0.2.2"
source = "registry+https://github.com/rust-lang/crates.io-index"

[[package]]
name = "memchr"
version = "0.1.7"
source = "registry+https://github.com/rust-lang/crates.io-index"
dependencies = [
 "libc 0.2.2 (registry+https://github.com/rust-lang/crates.io-index)",
]

[[package]]
name = "regex"
version = "0.1.41"
source = "registry+https://github.com/rust-lang/crates.io-index"
dependencies = [
 "aho-corasick 0.3.4 (registry+https://github.com/rust-lang/crates.io-index)",
 "memchr 0.1.7 (registry+https://github.com/rust-lang/crates.io-index)",
 "regex-syntax 0.2.2 (registry+https://github.com/rust-lang/crates.io-index)",
]

[[package]]
name = "regex-syntax"
version = "0.2.2"
source = "registry+https://github.com/rust-lang/crates.io-index"

[[package]]
name = "regex_macros"
version = "0.1.23"
source = "registry+https://github.com/rust-lang/crates.io-index"
dependencies = [
 "regex 0.1.41 (registry+https://github.com/rust-lang/crates.io-index)",
]

